// !$*UTF8*$!
{
	archiveVersion = 1;
	classes = {
	};
	objectVersion = 55;
	objects = {

/* Begin PBXBuildFile section */
		834B4D6A2749F824008771EA /* PokemonSwiftUIApp.swift in Sources */ = {isa = PBXBuildFile; fileRef = 834B4D692749F824008771EA /* PokemonSwiftUIApp.swift */; };
		834B4D6C2749F824008771EA /* ContentView.swift in Sources */ = {isa = PBXBuildFile; fileRef = 834B4D6B2749F824008771EA /* ContentView.swift */; };
		834B4D6E2749F824008771EA /* Assets.xcassets in Resources */ = {isa = PBXBuildFile; fileRef = 834B4D6D2749F824008771EA /* Assets.xcassets */; };
		834B4D712749F824008771EA /* Preview Assets.xcassets in Resources */ = {isa = PBXBuildFile; fileRef = 834B4D702749F824008771EA /* Preview Assets.xcassets */; };
		834B4D7B2749F824008771EA /* PokemonSwiftUITests.swift in Sources */ = {isa = PBXBuildFile; fileRef = 834B4D7A2749F824008771EA /* PokemonSwiftUITests.swift */; };
		834B4D852749F824008771EA /* PokemonSwiftUIUITests.swift in Sources */ = {isa = PBXBuildFile; fileRef = 834B4D842749F824008771EA /* PokemonSwiftUIUITests.swift */; };
		834B4D872749F824008771EA /* PokemonSwiftUIUITestsLaunchTests.swift in Sources */ = {isa = PBXBuildFile; fileRef = 834B4D862749F824008771EA /* PokemonSwiftUIUITestsLaunchTests.swift */; };
		834B4D942749F9FE008771EA /* PokemonViewModel.swift in Sources */ = {isa = PBXBuildFile; fileRef = 834B4D932749F9FE008771EA /* PokemonViewModel.swift */; };
/* End PBXBuildFile section */

/* Begin PBXContainerItemProxy section */
		834B4D772749F824008771EA /* PBXContainerItemProxy */ = {
			isa = PBXContainerItemProxy;
			containerPortal = 834B4D5E2749F824008771EA /* Project object */;
			proxyType = 1;
			remoteGlobalIDString = 834B4D652749F824008771EA;
			remoteInfo = PokemonSwiftUI;
		};
		834B4D812749F824008771EA /* PBXContainerItemProxy */ = {
			isa = PBXContainerItemProxy;
			containerPortal = 834B4D5E2749F824008771EA /* Project object */;
			proxyType = 1;
			remoteGlobalIDString = 834B4D652749F824008771EA;
			remoteInfo = PokemonSwiftUI;
		};
/* End PBXContainerItemProxy section */

/* Begin PBXFileReference section */
		834B4D662749F824008771EA /* PokemonSwiftUI.app */ = {isa = PBXFileReference; explicitFileType = wrapper.application; includeInIndex = 0; path = PokemonSwiftUI.app; sourceTree = BUILT_PRODUCTS_DIR; };
		834B4D692749F824008771EA /* PokemonSwiftUIApp.swift */ = {isa = PBXFileReference; lastKnownFileType = sourcecode.swift; path = PokemonSwiftUIApp.swift; sourceTree = "<group>"; };
		834B4D6B2749F824008771EA /* ContentView.swift */ = {isa = PBXFileReference; lastKnownFileType = sourcecode.swift; path = ContentView.swift; sourceTree = "<group>"; };
		834B4D6D2749F824008771EA /* Assets.xcassets */ = {isa = PBXFileReference; lastKnownFileType = folder.assetcatalog; path = Assets.xcassets; sourceTree = "<group>"; };
		834B4D702749F824008771EA /* Preview Assets.xcassets */ = {isa = PBXFileReference; lastKnownFileType = folder.assetcatalog; path = "Preview Assets.xcassets"; sourceTree = "<group>"; };
		834B4D762749F824008771EA /* PokemonSwiftUITests.xctest */ = {isa = PBXFileReference; explicitFileType = wrapper.cfbundle; includeInIndex = 0; path = PokemonSwiftUITests.xctest; sourceTree = BUILT_PRODUCTS_DIR; };
		834B4D7A2749F824008771EA /* PokemonSwiftUITests.swift */ = {isa = PBXFileReference; lastKnownFileType = sourcecode.swift; path = PokemonSwiftUITests.swift; sourceTree = "<group>"; };
		834B4D802749F824008771EA /* PokemonSwiftUIUITests.xctest */ = {isa = PBXFileReference; explicitFileType = wrapper.cfbundle; includeInIndex = 0; path = PokemonSwiftUIUITests.xctest; sourceTree = BUILT_PRODUCTS_DIR; };
		834B4D842749F824008771EA /* PokemonSwiftUIUITests.swift */ = {isa = PBXFileReference; lastKnownFileType = sourcecode.swift; path = PokemonSwiftUIUITests.swift; sourceTree = "<group>"; };
		834B4D862749F824008771EA /* PokemonSwiftUIUITestsLaunchTests.swift */ = {isa = PBXFileReference; lastKnownFileType = sourcecode.swift; path = PokemonSwiftUIUITestsLaunchTests.swift; sourceTree = "<group>"; };
		834B4D932749F9FE008771EA /* PokemonViewModel.swift */ = {isa = PBXFileReference; lastKnownFileType = sourcecode.swift; path = PokemonViewModel.swift; sourceTree = "<group>"; };
/* End PBXFileReference section */

/* Begin PBXFrameworksBuildPhase section */
		834B4D632749F824008771EA /* Frameworks */ = {
			isa = PBXFrameworksBuildPhase;
			buildActionMask = 2147483647;
			files = (
			);
			runOnlyForDeploymentPostprocessing = 0;
		};
		834B4D732749F824008771EA /* Frameworks */ = {
			isa = PBXFrameworksBuildPhase;
			buildActionMask = 2147483647;
			files = (
			);
			runOnlyForDeploymentPostprocessing = 0;
		};
		834B4D7D2749F824008771EA /* Frameworks */ = {
			isa = PBXFrameworksBuildPhase;
			buildActionMask = 2147483647;
			files = (
			);
			runOnlyForDeploymentPostprocessing = 0;
		};
/* End PBXFrameworksBuildPhase section */

/* Begin PBXGroup section */
		834B4D5D2749F824008771EA = {
			isa = PBXGroup;
			children = (
				834B4D682749F824008771EA /* PokemonSwiftUI */,
				834B4D792749F824008771EA /* PokemonSwiftUITests */,
				834B4D832749F824008771EA /* PokemonSwiftUIUITests */,
				834B4D672749F824008771EA /* Products */,
			);
			sourceTree = "<group>";
		};
		834B4D672749F824008771EA /* Products */ = {
			isa = PBXGroup;
			children = (
				834B4D662749F824008771EA /* PokemonSwiftUI.app */,
				834B4D762749F824008771EA /* PokemonSwiftUITests.xctest */,
				834B4D802749F824008771EA /* PokemonSwiftUIUITests.xctest */,
			);
			name = Products;
			sourceTree = "<group>";
		};
		834B4D682749F824008771EA /* PokemonSwiftUI */ = {
			isa = PBXGroup;
			children = (
				834B4D692749F824008771EA /* PokemonSwiftUIApp.swift */,
				834B4D6B2749F824008771EA /* ContentView.swift */,
				834B4D6D2749F824008771EA /* Assets.xcassets */,
				834B4D6F2749F824008771EA /* Preview Content */,
				834B4D932749F9FE008771EA /* PokemonViewModel.swift */,
			);
			path = PokemonSwiftUI;
			sourceTree = "<group>";
		};
		834B4D6F2749F824008771EA /* Preview Content */ = {
			isa = PBXGroup;
			children = (
				834B4D702749F824008771EA /* Preview Assets.xcassets */,
			);
			path = "Preview Content";
			sourceTree = "<group>";
		};
		834B4D792749F824008771EA /* PokemonSwiftUITests */ = {
			isa = PBXGroup;
			children = (
				834B4D7A2749F824008771EA /* PokemonSwiftUITests.swift */,
			);
			path = PokemonSwiftUITests;
			sourceTree = "<group>";
		};
		834B4D832749F824008771EA /* PokemonSwiftUIUITests */ = {
			isa = PBXGroup;
			children = (
				834B4D842749F824008771EA /* PokemonSwiftUIUITests.swift */,
				834B4D862749F824008771EA /* PokemonSwiftUIUITestsLaunchTests.swift */,
			);
			path = PokemonSwiftUIUITests;
			sourceTree = "<group>";
		};
/* End PBXGroup section */

/* Begin PBXNativeTarget section */
		834B4D652749F824008771EA /* PokemonSwiftUI */ = {
			isa = PBXNativeTarget;
			buildConfigurationList = 834B4D8A2749F824008771EA /* Build configuration list for PBXNativeTarget "PokemonSwiftUI" */;
			buildPhases = (
				834B4D622749F824008771EA /* Sources */,
				834B4D632749F824008771EA /* Frameworks */,
				834B4D642749F824008771EA /* Resources */,
			);
			buildRules = (
			);
			dependencies = (
			);
			name = PokemonSwiftUI;
			productName = PokemonSwiftUI;
			productReference = 834B4D662749F824008771EA /* PokemonSwiftUI.app */;
			productType = "com.apple.product-type.application";
		};
		834B4D752749F824008771EA /* PokemonSwiftUITests */ = {
			isa = PBXNativeTarget;
			buildConfigurationList = 834B4D8D2749F824008771EA /* Build configuration list for PBXNativeTarget "PokemonSwiftUITests" */;
			buildPhases = (
				834B4D722749F824008771EA /* Sources */,
				834B4D732749F824008771EA /* Frameworks */,
				834B4D742749F824008771EA /* Resources */,
			);
			buildRules = (
			);
			dependencies = (
				834B4D782749F824008771EA /* PBXTargetDependency */,
			);
			name = PokemonSwiftUITests;
			productName = PokemonSwiftUITests;
			productReference = 834B4D762749F824008771EA /* PokemonSwiftUITests.xctest */;
			productType = "com.apple.product-type.bundle.unit-test";
		};
		834B4D7F2749F824008771EA /* PokemonSwiftUIUITests */ = {
			isa = PBXNativeTarget;
			buildConfigurationList = 834B4D902749F824008771EA /* Build configuration list for PBXNativeTarget "PokemonSwiftUIUITests" */;
			buildPhases = (
				834B4D7C2749F824008771EA /* Sources */,
				834B4D7D2749F824008771EA /* Frameworks */,
				834B4D7E2749F824008771EA /* Resources */,
			);
			buildRules = (
			);
			dependencies = (
				834B4D822749F824008771EA /* PBXTargetDependency */,
			);
			name = PokemonSwiftUIUITests;
			productName = PokemonSwiftUIUITests;
			productReference = 834B4D802749F824008771EA /* PokemonSwiftUIUITests.xctest */;
			productType = "com.apple.product-type.bundle.ui-testing";
		};
/* End PBXNativeTarget section */

/* Begin PBXProject section */
		834B4D5E2749F824008771EA /* Project object */ = {
			isa = PBXProject;
			attributes = {
				BuildIndependentTargetsInParallel = 1;
				LastSwiftUpdateCheck = 1310;
				LastUpgradeCheck = 1310;
				TargetAttributes = {
					834B4D652749F824008771EA = {
						CreatedOnToolsVersion = 13.1;
					};
					834B4D752749F824008771EA = {
						CreatedOnToolsVersion = 13.1;
						TestTargetID = 834B4D652749F824008771EA;
					};
					834B4D7F2749F824008771EA = {
						CreatedOnToolsVersion = 13.1;
						TestTargetID = 834B4D652749F824008771EA;
					};
				};
			};
			buildConfigurationList = 834B4D612749F824008771EA /* Build configuration list for PBXProject "PokemonSwiftUI" */;
			compatibilityVersion = "Xcode 13.0";
			developmentRegion = en;
			hasScannedForEncodings = 0;
			knownRegions = (
				en,
				Base,
			);
			mainGroup = 834B4D5D2749F824008771EA;
			productRefGroup = 834B4D672749F824008771EA /* Products */;
			projectDirPath = "";
			projectRoot = "";
			targets = (
				834B4D652749F824008771EA /* PokemonSwiftUI */,
				834B4D752749F824008771EA /* PokemonSwiftUITests */,
				834B4D7F2749F824008771EA /* PokemonSwiftUIUITests */,
			);
		};
/* End PBXProject section */

/* Begin PBXResourcesBuildPhase section */
		834B4D642749F824008771EA /* Resources */ = {
			isa = PBXResourcesBuildPhase;
			buildActionMask = 2147483647;
			files = (
				834B4D712749F824008771EA /* Preview Assets.xcassets in Resources */,
				834B4D6E2749F824008771EA /* Assets.xcassets in Resources */,
			);
			runOnlyForDeploymentPostprocessing = 0;
		};
		834B4D742749F824008771EA /* Resources */ = {
			isa = PBXResourcesBuildPhase;
			buildActionMask = 2147483647;
			files = (
			);
			runOnlyForDeploymentPostprocessing = 0;
		};
		834B4D7E2749F824008771EA /* Resources */ = {
			isa = PBXResourcesBuildPhase;
			buildActionMask = 2147483647;
			files = (
			);
			runOnlyForDeploymentPostprocessing = 0;
		};
/* End PBXResourcesBuildPhase section */

/* Begin PBXSourcesBuildPhase section */
		834B4D622749F824008771EA /* Sources */ = {
			isa = PBXSourcesBuildPhase;
			buildActionMask = 2147483647;
			files = (
				834B4D6C2749F824008771EA /* ContentView.swift in Sources */,
				834B4D6A2749F824008771EA /* PokemonSwiftUIApp.swift in Sources */,
				834B4D942749F9FE008771EA /* PokemonViewModel.swift in Sources */,
			);
			runOnlyForDeploymentPostprocessing = 0;
		};
		834B4D722749F824008771EA /* Sources */ = {
			isa = PBXSourcesBuildPhase;
			buildActionMask = 2147483647;
			files = (
				834B4D7B2749F824008771EA /* PokemonSwiftUITests.swift in Sources */,
			);
			runOnlyForDeploymentPostprocessing = 0;
		};
		834B4D7C2749F824008771EA /* Sources */ = {
			isa = PBXSourcesBuildPhase;
			buildActionMask = 2147483647;
			files = (
				834B4D872749F824008771EA /* PokemonSwiftUIUITestsLaunchTests.swift in Sources */,
				834B4D852749F824008771EA /* PokemonSwiftUIUITests.swift in Sources */,
			);
			runOnlyForDeploymentPostprocessing = 0;
		};
/* End PBXSourcesBuildPhase section */

/* Begin PBXTargetDependency section */
		834B4D782749F824008771EA /* PBXTargetDependency */ = {
			isa = PBXTargetDependency;
			target = 834B4D652749F824008771EA /* PokemonSwiftUI */;
			targetProxy = 834B4D772749F824008771EA /* PBXContainerItemProxy */;
		};
		834B4D822749F824008771EA /* PBXTargetDependency */ = {
			isa = PBXTargetDependency;
			target = 834B4D652749F824008771EA /* PokemonSwiftUI */;
			targetProxy = 834B4D812749F824008771EA /* PBXContainerItemProxy */;
		};
/* End PBXTargetDependency section */

/* Begin XCBuildConfiguration section */
		834B4D882749F824008771EA /* Debug */ = {
			isa = XCBuildConfiguration;
			buildSettings = {
				ALWAYS_SEARCH_USER_PATHS = NO;
				CLANG_ANALYZER_NONNULL = YES;
				CLANG_ANALYZER_NUMBER_OBJECT_CONVERSION = YES_AGGRESSIVE;
				CLANG_CXX_LANGUAGE_STANDARD = "gnu++17";
				CLANG_CXX_LIBRARY = "libc++";
				CLANG_ENABLE_MODULES = YES;
				CLANG_ENABLE_OBJC_ARC = YES;
				CLANG_ENABLE_OBJC_WEAK = YES;
				CLANG_WARN_BLOCK_CAPTURE_AUTORELEASING = YES;
				CLANG_WARN_BOOL_CONVERSION = YES;
				CLANG_WARN_COMMA = YES;
				CLANG_WARN_CONSTANT_CONVERSION = YES;
				CLANG_WARN_DEPRECATED_OBJC_IMPLEMENTATIONS = YES;
				CLANG_WARN_DIRECT_OBJC_ISA_USAGE = YES_ERROR;
				CLANG_WARN_DOCUMENTATION_COMMENTS = YES;
				CLANG_WARN_EMPTY_BODY = YES;
				CLANG_WARN_ENUM_CONVERSION = YES;
				CLANG_WARN_INFINITE_RECURSION = YES;
				CLANG_WARN_INT_CONVERSION = YES;
				CLANG_WARN_NON_LITERAL_NULL_CONVERSION = YES;
				CLANG_WARN_OBJC_IMPLICIT_RETAIN_SELF = YES;
				CLANG_WARN_OBJC_LITERAL_CONVERSION = YES;
				CLANG_WARN_OBJC_ROOT_CLASS = YES_ERROR;
				CLANG_WARN_QUOTED_INCLUDE_IN_FRAMEWORK_HEADER = YES;
				CLANG_WARN_RANGE_LOOP_ANALYSIS = YES;
				CLANG_WARN_STRICT_PROTOTYPES = YES;
				CLANG_WARN_SUSPICIOUS_MOVE = YES;
				CLANG_WARN_UNGUARDED_AVAILABILITY = YES_AGGRESSIVE;
				CLANG_WARN_UNREACHABLE_CODE = YES;
				CLANG_WARN__DUPLICATE_METHOD_MATCH = YES;
				COPY_PHASE_STRIP = NO;
				DEBUG_INFORMATION_FORMAT = dwarf;
				ENABLE_STRICT_OBJC_MSGSEND = YES;
				ENABLE_TESTABILITY = YES;
				GCC_C_LANGUAGE_STANDARD = gnu11;
				GCC_DYNAMIC_NO_PIC = NO;
				GCC_NO_COMMON_BLOCKS = YES;
				GCC_OPTIMIZATION_LEVEL = 0;
				GCC_PREPROCESSOR_DEFINITIONS = (
					"DEBUG=1",
					"$(inherited)",
				);
				GCC_WARN_64_TO_32_BIT_CONVERSION = YES;
				GCC_WARN_ABOUT_RETURN_TYPE = YES_ERROR;
				GCC_WARN_UNDECLARED_SELECTOR = YES;
				GCC_WARN_UNINITIALIZED_AUTOS = YES_AGGRESSIVE;
				GCC_WARN_UNUSED_FUNCTION = YES;
				GCC_WARN_UNUSED_VARIABLE = YES;
				IPHONEOS_DEPLOYMENT_TARGET = 15.0;
				MTL_ENABLE_DEBUG_INFO = INCLUDE_SOURCE;
				MTL_FAST_MATH = YES;
				ONLY_ACTIVE_ARCH = YES;
				SDKROOT = iphoneos;
				SWIFT_ACTIVE_COMPILATION_CONDITIONS = DEBUG;
				SWIFT_OPTIMIZATION_LEVEL = "-Onone";
			};
			name = Debug;
		};
		834B4D892749F824008771EA /* Release */ = {
			isa = XCBuildConfiguration;
			buildSettings = {
				ALWAYS_SEARCH_USER_PATHS = NO;
				CLANG_ANALYZER_NONNULL = YES;
				CLANG_ANALYZER_NUMBER_OBJECT_CONVERSION = YES_AGGRESSIVE;
				CLANG_CXX_LANGUAGE_STANDARD = "gnu++17";
				CLANG_CXX_LIBRARY = "libc++";
				CLANG_ENABLE_MODULES = YES;
				CLANG_ENABLE_OBJC_ARC = YES;
				CLANG_ENABLE_OBJC_WEAK = YES;
				CLANG_WARN_BLOCK_CAPTURE_AUTORELEASING = YES;
				CLANG_WARN_BOOL_CONVERSION = YES;
				CLANG_WARN_COMMA = YES;
				CLANG_WARN_CONSTANT_CONVERSION = YES;
				CLANG_WARN_DEPRECATED_OBJC_IMPLEMENTATIONS = YES;
				CLANG_WARN_DIRECT_OBJC_ISA_USAGE = YES_ERROR;
				CLANG_WARN_DOCUMENTATION_COMMENTS = YES;
				CLANG_WARN_EMPTY_BODY = YES;
				CLANG_WARN_ENUM_CONVERSION = YES;
				CLANG_WARN_INFINITE_RECURSION = YES;
				CLANG_WARN_INT_CONVERSION = YES;
				CLANG_WARN_NON_LITERAL_NULL_CONVERSION = YES;
				CLANG_WARN_OBJC_IMPLICIT_RETAIN_SELF = YES;
				CLANG_WARN_OBJC_LITERAL_CONVERSION = YES;
				CLANG_WARN_OBJC_ROOT_CLASS = YES_ERROR;
				CLANG_WARN_QUOTED_INCLUDE_IN_FRAMEWORK_HEADER = YES;
				CLANG_WARN_RANGE_LOOP_ANALYSIS = YES;
				CLANG_WARN_STRICT_PROTOTYPES = YES;
				CLANG_WARN_SUSPICIOUS_MOVE = YES;
				CLANG_WARN_UNGUARDED_AVAILABILITY = YES_AGGRESSIVE;
				CLANG_WARN_UNREACHABLE_CODE = YES;
				CLANG_WARN__DUPLICATE_METHOD_MATCH = YES;
				COPY_PHASE_STRIP = NO;
				DEBUG_INFORMATION_FORMAT = "dwarf-with-dsym";
				ENABLE_NS_ASSERTIONS = NO;
				ENABLE_STRICT_OBJC_MSGSEND = YES;
				GCC_C_LANGUAGE_STANDARD = gnu11;
				GCC_NO_COMMON_BLOCKS = YES;
				GCC_WARN_64_TO_32_BIT_CONVERSION = YES;
				GCC_WARN_ABOUT_RETURN_TYPE = YES_ERROR;
				GCC_WARN_UNDECLARED_SELECTOR = YES;
				GCC_WARN_UNINITIALIZED_AUTOS = YES_AGGRESSIVE;
				GCC_WARN_UNUSED_FUNCTION = YES;
				GCC_WARN_UNUSED_VARIABLE = YES;
				IPHONEOS_DEPLOYMENT_TARGET = 15.0;
				MTL_ENABLE_DEBUG_INFO = NO;
				MTL_FAST_MATH = YES;
				SDKROOT = iphoneos;
				SWIFT_COMPILATION_MODE = wholemodule;
				SWIFT_OPTIMIZATION_LEVEL = "-O";
				VALIDATE_PRODUCT = YES;
			};
			name = Release;
		};
		834B4D8B2749F824008771EA /* Debug */ = {
			isa = XCBuildConfiguration;
			buildSettings = {
				ASSETCATALOG_COMPILER_APPICON_NAME = AppIcon;
				ASSETCATALOG_COMPILER_GLOBAL_ACCENT_COLOR_NAME = AccentColor;
				CODE_SIGN_STYLE = Automatic;
				CURRENT_PROJECT_VERSION = 1;
				DEVELOPMENT_ASSET_PATHS = "\"PokemonSwiftUI/Preview Content\"";
				DEVELOPMENT_TEAM = QEN9HFF463;
				ENABLE_PREVIEWS = YES;
				GENERATE_INFOPLIST_FILE = YES;
				INFOPLIST_KEY_UIApplicationSceneManifest_Generation = YES;
				INFOPLIST_KEY_UIApplicationSupportsIndirectInputEvents = YES;
				INFOPLIST_KEY_UILaunchScreen_Generation = YES;
				INFOPLIST_KEY_UISupportedInterfaceOrientations_iPad = "UIInterfaceOrientationPortrait UIInterfaceOrientationPortraitUpsideDown UIInterfaceOrientationLandscapeLeft UIInterfaceOrientationLandscapeRight";
				INFOPLIST_KEY_UISupportedInterfaceOrientations_iPhone = "UIInterfaceOrientationPortrait UIInterfaceOrientationLandscapeLeft UIInterfaceOrientationLandscapeRight";
				LD_RUNPATH_SEARCH_PATHS = (
					"$(inherited)",
					"@executable_path/Frameworks",
				);
				MARKETING_VERSION = 1.0;
				PRODUCT_BUNDLE_IDENTIFIER = com.rgross.PokemonSwiftUI;
				PRODUCT_NAME = "$(TARGET_NAME)";
				SWIFT_EMIT_LOC_STRINGS = YES;
				SWIFT_VERSION = 5.0;
				TARGETED_DEVICE_FAMILY = "1,2";
			};
			name = Debug;
		};
		834B4D8C2749F824008771EA /* Release */ = {
			isa = XCBuildConfiguration;
			buildSettings = {
				ASSETCATALOG_COMPILER_APPICON_NAME = AppIcon;
				ASSETCATALOG_COMPILER_GLOBAL_ACCENT_COLOR_NAME = AccentColor;
				CODE_SIGN_STYLE = Automatic;
				CURRENT_PROJECT_VERSION = 1;
				DEVELOPMENT_ASSET_PATHS = "\"PokemonSwiftUI/Preview Content\"";
				DEVELOPMENT_TEAM = QEN9HFF463;
				ENABLE_PREVIEWS = YES;
				GENERATE_INFOPLIST_FILE = YES;
				INFOPLIST_KEY_UIApplicationSceneManifest_Generation = YES;
				INFOPLIST_KEY_UIApplicationSupportsIndirectInputEvents = YES;
				INFOPLIST_KEY_UILaunchScreen_Generation = YES;
				INFOPLIST_KEY_UISupportedInterfaceOrientations_iPad = "UIInterfaceOrientationPortrait UIInterfaceOrientationPortraitUpsideDown UIInterfaceOrientationLandscapeLeft UIInterfaceOrientationLandscapeRight";
				INFOPLIST_KEY_UISupportedInterfaceOrientations_iPhone = "UIInterfaceOrientationPortrait UIInterfaceOrientationLandscapeLeft UIInterfaceOrientationLandscapeRight";
				LD_RUNPATH_SEARCH_PATHS = (
					"$(inherited)",
					"@executable_path/Frameworks",
				);
				MARKETING_VERSION = 1.0;
				PRODUCT_BUNDLE_IDENTIFIER = com.rgross.PokemonSwiftUI;
				PRODUCT_NAME = "$(TARGET_NAME)";
				SWIFT_EMIT_LOC_STRINGS = YES;
				SWIFT_VERSION = 5.0;
				TARGETED_DEVICE_FAMILY = "1,2";
			};
			name = Release;
		};
		834B4D8E2749F824008771EA /* Debug */ = {
			isa = XCBuildConfiguration;
			buildSettings = {
				ALWAYS_EMBED_SWIFT_STANDARD_LIBRARIES = YES;
				BUNDLE_LOADER = "$(TEST_HOST)";
				CODE_SIGN_STYLE = Automatic;
				CURRENT_PROJECT_VERSION = 1;
				DEVELOPMENT_TEAM = QEN9HFF463;
				GENERATE_INFOPLIST_FILE = YES;
				IPHONEOS_DEPLOYMENT_TARGET = 15.0;
				LD_RUNPATH_SEARCH_PATHS = (
					"$(inherited)",
					"@executable_path/Frameworks",
					"@loader_path/Frameworks",
				);
				MARKETING_VERSION = 1.0;
				PRODUCT_BUNDLE_IDENTIFIER = com.rgross.PokemonSwiftUITests;
				PRODUCT_NAME = "$(TARGET_NAME)";
				SWIFT_EMIT_LOC_STRINGS = NO;
				SWIFT_VERSION = 5.0;
				TARGETED_DEVICE_FAMILY = "1,2";
				TEST_HOST = "$(BUILT_PRODUCTS_DIR)/PokemonSwiftUI.app/PokemonSwiftUI";
			};
			name = Debug;
		};
		834B4D8F2749F824008771EA /* Release */ = {
			isa = XCBuildConfiguration;
			buildSettings = {
				ALWAYS_EMBED_SWIFT_STANDARD_LIBRARIES = YES;
				BUNDLE_LOADER = "$(TEST_HOST)";
				CODE_SIGN_STYLE = Automatic;
				CURRENT_PROJECT_VERSION = 1;
				DEVELOPMENT_TEAM = QEN9HFF463;
				GENERATE_INFOPLIST_FILE = YES;
				IPHONEOS_DEPLOYMENT_TARGET = 15.0;
				LD_RUNPATH_SEARCH_PATHS = (
					"$(inherited)",
					"@executable_path/Frameworks",
					"@loader_path/Frameworks",
				);
				MARKETING_VERSION = 1.0;
				PRODUCT_BUNDLE_IDENTIFIER = com.rgross.PokemonSwiftUITests;
				PRODUCT_NAME = "$(TARGET_NAME)";
				SWIFT_EMIT_LOC_STRINGS = NO;
				SWIFT_VERSION = 5.0;
				TARGETED_DEVICE_FAMILY = "1,2";
				TEST_HOST = "$(BUILT_PRODUCTS_DIR)/PokemonSwiftUI.app/PokemonSwiftUI";
			};
			name = Release;
		};
		834B4D912749F824008771EA /* Debug */ = {
			isa = XCBuildConfiguration;
			buildSettings = {
				ALWAYS_EMBED_SWIFT_STANDARD_LIBRARIES = YES;
				CODE_SIGN_STYLE = Automatic;
				CURRENT_PROJECT_VERSION = 1;
				DEVELOPMENT_TEAM = QEN9HFF463;
				GENERATE_INFOPLIST_FILE = YES;
				LD_RUNPATH_SEARCH_PATHS = (
					"$(inherited)",
					"@executable_path/Frameworks",
					"@loader_path/Frameworks",
				);
				MARKETING_VERSION = 1.0;
				PRODUCT_BUNDLE_IDENTIFIER = com.rgross.PokemonSwiftUIUITests;
				PRODUCT_NAME = "$(TARGET_NAME)";
				SWIFT_EMIT_LOC_STRINGS = NO;
				SWIFT_VERSION = 5.0;
				TARGETED_DEVICE_FAMILY = "1,2";
				TEST_TARGET_NAME = PokemonSwiftUI;
			};
			name = Debug;
		};
		834B4D922749F824008771EA /* Release */ = {
			isa = XCBuildConfiguration;
			buildSettings = {
				ALWAYS_EMBED_SWIFT_STANDARD_LIBRARIES = YES;
				CODE_SIGN_STYLE = Automatic;
				CURRENT_PROJECT_VERSION = 1;
				DEVELOPMENT_TEAM = QEN9HFF463;
				GENERATE_INFOPLIST_FILE = YES;
				LD_RUNPATH_SEARCH_PATHS = (
					"$(inherited)",
					"@executable_path/Frameworks",
					"@loader_path/Frameworks",
				);
				MARKETING_VERSION = 1.0;
				PRODUCT_BUNDLE_IDENTIFIER = com.rgross.PokemonSwiftUIUITests;
				PRODUCT_NAME = "$(TARGET_NAME)";
				SWIFT_EMIT_LOC_STRINGS = NO;
				SWIFT_VERSION = 5.0;
				TARGETED_DEVICE_FAMILY = "1,2";
				TEST_TARGET_NAME = PokemonSwiftUI;
			};
			name = Release;
		};
/* End XCBuildConfiguration section */

/* Begin XCConfigurationList section */
		834B4D612749F824008771EA /* Build configuration list for PBXProject "PokemonSwiftUI" */ = {
			isa = XCConfigurationList;
			buildConfigurations = (
				834B4D882749F824008771EA /* Debug */,
				834B4D892749F824008771EA /* Release */,
			);
			defaultConfigurationIsVisible = 0;
			defaultConfigurationName = Release;
		};
		834B4D8A2749F824008771EA /* Build configuration list for PBXNativeTarget "PokemonSwiftUI" */ = {
			isa = XCConfigurationList;
			buildConfigurations = (
				834B4D8B2749F824008771EA /* Debug */,
				834B4D8C2749F824008771EA /* Release */,
			);
			defaultConfigurationIsVisible = 0;
			defaultConfigurationName = Release;
		};
		834B4D8D2749F824008771EA /* Build configuration list for PBXNativeTarget "PokemonSwiftUITests" */ = {
			isa = XCConfigurationList;
			buildConfigurations = (
				834B4D8E2749F824008771EA /* Debug */,
				834B4D8F2749F824008771EA /* Release */,
			);
			defaultConfigurationIsVisible = 0;
			defaultConfigurationName = Release;
		};
		834B4D902749F824008771EA /* Build configuration list for PBXNativeTarget "PokemonSwiftUIUITests" */ = {
			isa = XCConfigurationList;
			buildConfigurations = (
				834B4D912749F824008771EA /* Debug */,
				834B4D922749F824008771EA /* Release */,
			);
			defaultConfigurationIsVisible = 0;
			defaultConfigurationName = Release;
		};
/* End XCConfigurationList section */
	};
	rootObject = 834B4D5E2749F824008771EA /* Project object */;
}
